
Microsoft Visual Studio Solution File, Format Version 12.00
# Visual Studio Version 17
VisualStudioVersion = 17.8.34330.188
MinimumVisualStudioVersion = 10.0.40219.1
Project("{FAE04EC0-301F-11D3-BF4B-00C04F79EFBC}") = "BlazorApp1", "BlazorApp1.csproj", "{107ACCDE-737D-4DA2-BB8E-FD1DF4A89518}"
EndProject
Global
	GlobalSection(SolutionConfigurationPlatforms) = preSolution
		Debug|Any CPU = Debug|Any CPU
		Release|Any CPU = Release|Any CPU
	EndGlobalSection
	GlobalSection(ProjectConfigurationPlatforms) = postSolution
		{107ACCDE-737D-4DA2-BB8E-FD1DF4A89518}.Debug|Any CPU.ActiveCfg = Debug|Any CPU
		{107ACCDE-737D-4DA2-BB8E-FD1DF4A89518}.Debug|Any CPU.Build.0 = Debug|Any CPU
		{107ACCDE-737D-4DA2-BB8E-FD1DF4A89518}.Release|Any CPU.ActiveCfg = Release|Any CPU
		{107ACCDE-737D-4DA2-BB8E-FD1DF4A89518}.Release|Any CPU.Build.0 = Release|Any CPU
	EndGlobalSection
	GlobalSection(SolutionProperties) = preSolution
		HideSolutionNode = FALSE
	EndGlobalSection
	GlobalSection(ExtensibilityGlobals) = postSolution
		SolutionGuid = {EC5358A3-F000-46DD-8A4D-F0E467029A3A}
	EndGlobalSection
EndGlobal
